
Microsoft Visual Studio Solution File, Format Version 12.00
Project("{FAE04EC0-301F-11D3-BF4B-00C04F79EFBC}") = "UltimateCSharpMasterClass", "UltimateCSharpMasterClass\UltimateCSharpMasterClass.csproj", "{F55D8AF8-21E1-43CE-A8EF-2CAA7035B269}"
EndProject
Project("{2150E333-8FDC-42A3-9474-1A3956D46DE8}") = "Section03", "Section03", "{31A6A95F-F306-41E8-A156-715836EA511B}"
EndProject
Project("{FAE04EC0-301F-11D3-BF4B-00C04F79EFBC}") = "withDataTime69", "withDataTime69\withDataTime69.csproj", "{5B2FA66E-C061-4961-95FD-58237F324173}"
EndProject
Project("{FAE04EC0-301F-11D3-BF4B-00C04F79EFBC}") = "OurFirstClass71", "OurFirstClass71\OurFirstClass71.csproj", "{A18B71AD-0281-4330-9338-CB0A26776791}"
EndProject
Project("{FAE04EC0-301F-11D3-BF4B-00C04F79EFBC}") = "Exercises", "Exercises\Exercises.csproj", "{2FC62F4E-328D-4C89-AF4F-7E3931C64F4C}"
EndProject
Project("{FAE04EC0-301F-11D3-BF4B-00C04F79EFBC}") = "MethodsOverloading77", "MethodsOverloading77\MethodsOverloading77.csproj", "{A713F20A-8628-44CD-A260-35F034DCA4C6}"
EndProject
Global
	GlobalSection(SolutionConfigurationPlatforms) = preSolution
		Debug|Any CPU = Debug|Any CPU
		Release|Any CPU = Release|Any CPU
	EndGlobalSection
	GlobalSection(ProjectConfigurationPlatforms) = postSolution
		{F55D8AF8-21E1-43CE-A8EF-2CAA7035B269}.Debug|Any CPU.ActiveCfg = Debug|Any CPU
		{F55D8AF8-21E1-43CE-A8EF-2CAA7035B269}.Debug|Any CPU.Build.0 = Debug|Any CPU
		{F55D8AF8-21E1-43CE-A8EF-2CAA7035B269}.Release|Any CPU.ActiveCfg = Release|Any CPU
		{F55D8AF8-21E1-43CE-A8EF-2CAA7035B269}.Release|Any CPU.Build.0 = Release|Any CPU
		{5B2FA66E-C061-4961-95FD-58237F324173}.Debug|Any CPU.ActiveCfg = Debug|Any CPU
		{5B2FA66E-C061-4961-95FD-58237F324173}.Debug|Any CPU.Build.0 = Debug|Any CPU
		{5B2FA66E-C061-4961-95FD-58237F324173}.Release|Any CPU.ActiveCfg = Release|Any CPU
		{5B2FA66E-C061-4961-95FD-58237F324173}.Release|Any CPU.Build.0 = Release|Any CPU
		{A18B71AD-0281-4330-9338-CB0A26776791}.Debug|Any CPU.ActiveCfg = Debug|Any CPU
		{A18B71AD-0281-4330-9338-CB0A26776791}.Debug|Any CPU.Build.0 = Debug|Any CPU
		{A18B71AD-0281-4330-9338-CB0A26776791}.Release|Any CPU.ActiveCfg = Release|Any CPU
		{A18B71AD-0281-4330-9338-CB0A26776791}.Release|Any CPU.Build.0 = Release|Any CPU
		{2FC62F4E-328D-4C89-AF4F-7E3931C64F4C}.Debug|Any CPU.ActiveCfg = Debug|Any CPU
		{2FC62F4E-328D-4C89-AF4F-7E3931C64F4C}.Debug|Any CPU.Build.0 = Debug|Any CPU
		{2FC62F4E-328D-4C89-AF4F-7E3931C64F4C}.Release|Any CPU.ActiveCfg = Release|Any CPU
		{2FC62F4E-328D-4C89-AF4F-7E3931C64F4C}.Release|Any CPU.Build.0 = Release|Any CPU
		{A713F20A-8628-44CD-A260-35F034DCA4C6}.Debug|Any CPU.ActiveCfg = Debug|Any CPU
		{A713F20A-8628-44CD-A260-35F034DCA4C6}.Debug|Any CPU.Build.0 = Debug|Any CPU
		{A713F20A-8628-44CD-A260-35F034DCA4C6}.Release|Any CPU.ActiveCfg = Release|Any CPU
		{A713F20A-8628-44CD-A260-35F034DCA4C6}.Release|Any CPU.Build.0 = Release|Any CPU
	EndGlobalSection
	GlobalSection(NestedProjects) = preSolution
		{5B2FA66E-C061-4961-95FD-58237F324173} = {31A6A95F-F306-41E8-A156-715836EA511B}
		{A18B71AD-0281-4330-9338-CB0A26776791} = {31A6A95F-F306-41E8-A156-715836EA511B}
		{2FC62F4E-328D-4C89-AF4F-7E3931C64F4C} = {31A6A95F-F306-41E8-A156-715836EA511B}
		{A713F20A-8628-44CD-A260-35F034DCA4C6} = {31A6A95F-F306-41E8-A156-715836EA511B}
	EndGlobalSection
EndGlobal
